
Microsoft Visual Studio Solution File, Format Version 12.00
# Visual Studio Version 17
VisualStudioVersion = 17.5.33530.505
MinimumVisualStudioVersion = 10.0.40219.1
Project("{FAE04EC0-301F-11D3-BF4B-00C04F79EFBC}") = "HexFlexer", "HexFlexer.csproj", "{6AE87002-3B29-4A75-A6C0-B5457F785038}"
EndProject
Global
	GlobalSection(SolutionConfigurationPlatforms) = preSolution
		Debug|Any CPU = Debug|Any CPU
		Release|Any CPU = Release|Any CPU
	EndGlobalSection
	GlobalSection(ProjectConfigurationPlatforms) = postSolution
		{6AE87002-3B29-4A75-A6C0-B5457F785038}.Debug|Any CPU.ActiveCfg = Debug|Any CPU
		{6AE87002-3B29-4A75-A6C0-B5457F785038}.Debug|Any CPU.Build.0 = Debug|Any CPU
		{6AE87002-3B29-4A75-A6C0-B5457F785038}.Release|Any CPU.ActiveCfg = Release|Any CPU
		{6AE87002-3B29-4A75-A6C0-B5457F785038}.Release|Any CPU.Build.0 = Release|Any CPU
	EndGlobalSection
	GlobalSection(SolutionProperties) = preSolution
		HideSolutionNode = FALSE
	EndGlobalSection
	GlobalSection(ExtensibilityGlobals) = postSolution
		SolutionGuid = {B69A668E-8E16-4EAB-9A26-65B0DDCF68A8}
	EndGlobalSection
EndGlobal
